// !$*UTF8*$!
{
	archiveVersion = 1;
	classes = {
	};
	objectVersion = 46;
	objects = {

/* Begin PBXBuildFile section */
		141128571DB3931B00ACE3AF /* AppDelegate.swift in Sources */ = {isa = PBXBuildFile; fileRef = 141128561DB3931B00ACE3AF /* AppDelegate.swift */; };
		141128591DB3931B00ACE3AF /* ViewController.swift in Sources */ = {isa = PBXBuildFile; fileRef = 141128581DB3931B00ACE3AF /* ViewController.swift */; };
		1411285C1DB3931B00ACE3AF /* Main.storyboard in Resources */ = {isa = PBXBuildFile; fileRef = 1411285A1DB3931B00ACE3AF /* Main.storyboard */; };
		1411285E1DB3931B00ACE3AF /* Assets.xcassets in Resources */ = {isa = PBXBuildFile; fileRef = 1411285D1DB3931B00ACE3AF /* Assets.xcassets */; };
		141128611DB3931B00ACE3AF /* LaunchScreen.storyboard in Resources */ = {isa = PBXBuildFile; fileRef = 1411285F1DB3931B00ACE3AF /* LaunchScreen.storyboard */; };
/* End PBXBuildFile section */

/* Begin PBXFileReference section */
		141128531DB3931B00ACE3AF /* Table-Views.app */ = {isa = PBXFileReference; explicitFileType = wrapper.application; includeInIndex = 0; path = "Table-Views.app"; sourceTree = BUILT_PRODUCTS_DIR; };
		141128561DB3931B00ACE3AF /* AppDelegate.swift */ = {isa = PBXFileReference; lastKnownFileType = sourcecode.swift; path = AppDelegate.swift; sourceTree = "<group>"; };
		141128581DB3931B00ACE3AF /* ViewController.swift */ = {isa = PBXFileReference; lastKnownFileType = sourcecode.swift; path = ViewController.swift; sourceTree = "<group>"; };
		1411285B1DB3931B00ACE3AF /* Base */ = {isa = PBXFileReference; lastKnownFileType = file.storyboard; name = Base; path = Base.lproj/Main.storyboard; sourceTree = "<group>"; };
		1411285D1DB3931B00ACE3AF /* Assets.xcassets */ = {isa = PBXFileReference; lastKnownFileType = folder.assetcatalog; path = Assets.xcassets; sourceTree = "<group>"; };
		141128601DB3931B00ACE3AF /* Base */ = {isa = PBXFileReference; lastKnownFileType = file.storyboard; name = Base; path = Base.lproj/LaunchScreen.storyboard; sourceTree = "<group>"; };
		141128621DB3931B00ACE3AF /* Info.plist */ = {isa = PBXFileReference; lastKnownFileType = text.plist.xml; path = Info.plist; sourceTree = "<group>"; };
/* End PBXFileReference section */

/* Begin PBXFrameworksBuildPhase section */
		141128501DB3931B00ACE3AF /* Frameworks */ = {
			isa = PBXFrameworksBuildPhase;
			buildActionMask = 2147483647;
			files = (
			);
			runOnlyForDeploymentPostprocessing = 0;
		};
/* End PBXFrameworksBuildPhase section */

/* Begin PBXGroup section */
		1411284A1DB3931B00ACE3AF = {
			isa = PBXGroup;
			children = (
				141128551DB3931B00ACE3AF /* Table-Views */,
				141128541DB3931B00ACE3AF /* Products */,
			);
			sourceTree = "<group>";
		};
		141128541DB3931B00ACE3AF /* Products */ = {
			isa = PBXGroup;
			children = (
				141128531DB3931B00ACE3AF /* Table-Views.app */,
			);
			name = Products;
			sourceTree = "<group>";
		};
		141128551DB3931B00ACE3AF /* Table-Views */ = {
			isa = PBXGroup;
			children = (
				141128561DB3931B00ACE3AF /* AppDelegate.swift */,
				141128581DB3931B00ACE3AF /* ViewController.swift */,
				1411285A1DB3931B00ACE3AF /* Main.storyboard */,
				1411285D1DB3931B00ACE3AF /* Assets.xcassets */,
				1411285F1DB3931B00ACE3AF /* LaunchScreen.storyboard */,
				141128621DB3931B00ACE3AF /* Info.plist */,
			);
			path = "Table-Views";
			sourceTree = "<group>";
		};
/* End PBXGroup section */

/* Begin PBXNativeTarget section */
		141128521DB3931B00ACE3AF /* Table-Views */ = {
			isa = PBXNativeTarget;
			buildConfigurationList = 141128651DB3931B00ACE3AF /* Build configuration list for PBXNativeTarget "Table-Views" */;
			buildPhases = (
				1411284F1DB3931B00ACE3AF /* Sources */,
				141128501DB3931B00ACE3AF /* Frameworks */,
				141128511DB3931B00ACE3AF /* Resources */,
			);
			buildRules = (
			);
			dependencies = (
			);
			name = "Table-Views";
			productName = "Table-Views";
			productReference = 141128531DB3931B00ACE3AF /* Table-Views.app */;
			productType = "com.apple.product-type.application";
		};
/* End PBXNativeTarget section */

/* Begin PBXProject section */
		1411284B1DB3931B00ACE3AF /* Project object */ = {
			isa = PBXProject;
			attributes = {
				LastSwiftUpdateCheck = 0800;
				LastUpgradeCheck = 0800;
				ORGANIZATIONNAME = N.C;
				TargetAttributes = {
					141128521DB3931B00ACE3AF = {
						CreatedOnToolsVersion = 8.0;
						ProvisioningStyle = Automatic;
					};
				};
			};
			buildConfigurationList = 1411284E1DB3931B00ACE3AF /* Build configuration list for PBXProject "Table-Views" */;
			compatibilityVersion = "Xcode 3.2";
			developmentRegion = English;
			hasScannedForEncodings = 0;
			knownRegions = (
				en,
				Base,
			);
			mainGroup = 1411284A1DB3931B00ACE3AF;
			productRefGroup = 141128541DB3931B00ACE3AF /* Products */;
			projectDirPath = "";
			projectRoot = "";
			targets = (
				141128521DB3931B00ACE3AF /* Table-Views */,
			);
		};
/* End PBXProject section */

/* Begin PBXResourcesBuildPhase section */
		141128511DB3931B00ACE3AF /* Resources */ = {
			isa = PBXResourcesBuildPhase;
			buildActionMask = 2147483647;
			files = (
				141128611DB3931B00ACE3AF /* LaunchScreen.storyboard in Resources */,
				1411285E1DB3931B00ACE3AF /* Assets.xcassets in Resources */,
				1411285C1DB3931B00ACE3AF /* Main.storyboard in Resources */,
			);
			runOnlyForDeploymentPostprocessing = 0;
		};
/* End PBXResourcesBuildPhase section */

/* Begin PBXSourcesBuildPhase section */
		1411284F1DB3931B00ACE3AF /* Sources */ = {
			isa = PBXSourcesBuildPhase;
			buildActionMask = 2147483647;
			files = (
				141128591DB3931B00ACE3AF /* ViewController.swift in Sources */,
				141128571DB3931B00ACE3AF /* AppDelegate.swift in Sources */,
			);
			runOnlyForDeploymentPostprocessing = 0;
		};
/* End PBXSourcesBuildPhase section */

/* Begin PBXVariantGroup section */
		1411285A1DB3931B00ACE3AF /* Main.storyboard */ = {
			isa = PBXVariantGroup;
			children = (
				1411285B1DB3931B00ACE3AF /* Base */,
			);
			name = Main.storyboard;
			sourceTree = "<group>";
		};
		1411285F1DB3931B00ACE3AF /* LaunchScreen.storyboard */ = {
			isa = PBXVariantGroup;
			children = (
				141128601DB3931B00ACE3AF /* Base */,
			);
			name = LaunchScreen.storyboard;
			sourceTree = "<group>";
		};
/* End PBXVariantGroup section */

/* Begin XCBuildConfiguration section */
		141128631DB3931B00ACE3AF /* Debug */ = {
			isa = XCBuildConfiguration;
			buildSettings = {
				ALWAYS_SEARCH_USER_PATHS = NO;
				CLANG_ANALYZER_NONNULL = YES;
				CLANG_CXX_LANGUAGE_STANDARD = "gnu++0x";
				CLANG_CXX_LIBRARY = "libc++";
				CLANG_ENABLE_MODULES = YES;
				CLANG_ENABLE_OBJC_ARC = YES;
				CLANG_WARN_BOOL_CONVERSION = YES;
				CLANG_WARN_CONSTANT_CONVERSION = YES;
				CLANG_WARN_DIRECT_OBJC_ISA_USAGE = YES_ERROR;
				CLANG_WARN_DOCUMENTATION_COMMENTS = YES;
				CLANG_WARN_EMPTY_BODY = YES;
				CLANG_WARN_ENUM_CONVERSION = YES;
				CLANG_WARN_INFINITE_RECURSION = YES;
				CLANG_WARN_INT_CONVERSION = YES;
				CLANG_WARN_OBJC_ROOT_CLASS = YES_ERROR;
				CLANG_WARN_SUSPICIOUS_MOVES = YES;
				CLANG_WARN_UNREACHABLE_CODE = YES;
				CLANG_WARN__DUPLICATE_METHOD_MATCH = YES;
				"CODE_SIGN_IDENTITY[sdk=iphoneos*]" = "iPhone Developer";
				COPY_PHASE_STRIP = NO;
				DEBUG_INFORMATION_FORMAT = dwarf;
				ENABLE_STRICT_OBJC_MSGSEND = YES;
				ENABLE_TESTABILITY = YES;
				GCC_C_LANGUAGE_STANDARD = gnu99;
				GCC_DYNAMIC_NO_PIC = NO;
				GCC_NO_COMMON_BLOCKS = YES;
				GCC_OPTIMIZATION_LEVEL = 0;
				GCC_PREPROCESSOR_DEFINITIONS = (
					"DEBUG=1",
					"$(inherited)",
				);
				GCC_WARN_64_TO_32_BIT_CONVERSION = YES;
				GCC_WARN_ABOUT_RETURN_TYPE = YES_ERROR;
				GCC_WARN_UNDECLARED_SELECTOR = YES;
				GCC_WARN_UNINITIALIZED_AUTOS = YES_AGGRESSIVE;
				GCC_WARN_UNUSED_FUNCTION = YES;
				GCC_WARN_UNUSED_VARIABLE = YES;
				IPHONEOS_DEPLOYMENT_TARGET = 10.0;
				MTL_ENABLE_DEBUG_INFO = YES;
				ONLY_ACTIVE_ARCH = YES;
				SDKROOT = iphoneos;
				SWIFT_ACTIVE_COMPILATION_CONDITIONS = DEBUG;
				SWIFT_OPTIMIZATION_LEVEL = "-Onone";
				TARGETED_DEVICE_FAMILY = "1,2";
			};
			name = Debug;
		};
		141128641DB3931B00ACE3AF /* Release */ = {
			isa = XCBuildConfiguration;
			buildSettings = {
				ALWAYS_SEARCH_USER_PATHS = NO;
				CLANG_ANALYZER_NONNULL = YES;
				CLANG_CXX_LANGUAGE_STANDARD = "gnu++0x";
				CLANG_CXX_LIBRARY = "libc++";
				CLANG_ENABLE_MODULES = YES;
				CLANG_ENABLE_OBJC_ARC = YES;
				CLANG_WARN_BOOL_CONVERSION = YES;
				CLANG_WARN_CONSTANT_CONVERSION = YES;
				CLANG_WARN_DIRECT_OBJC_ISA_USAGE = YES_ERROR;
				CLANG_WARN_DOCUMENTATION_COMMENTS = YES;
				CLANG_WARN_EMPTY_BODY = YES;
				CLANG_WARN_ENUM_CONVERSION = YES;
				CLANG_WARN_INFINITE_RECURSION = YES;
				CLANG_WARN_INT_CONVERSION = YES;
				CLANG_WARN_OBJC_ROOT_CLASS = YES_ERROR;
				CLANG_WARN_SUSPICIOUS_MOVES = YES;
				CLANG_WARN_UNREACHABLE_CODE = YES;
				CLANG_WARN__DUPLICATE_METHOD_MATCH = YES;
				"CODE_SIGN_IDENTITY[sdk=iphoneos*]" = "iPhone Developer";
				COPY_PHASE_STRIP = NO;
				DEBUG_INFORMATION_FORMAT = "dwarf-with-dsym";
				ENABLE_NS_ASSERTIONS = NO;
				ENABLE_STRICT_OBJC_MSGSEND = YES;
				GCC_C_LANGUAGE_STANDARD = gnu99;
				GCC_NO_COMMON_BLOCKS = YES;
				GCC_WARN_64_TO_32_BIT_CONVERSION = YES;
				GCC_WARN_ABOUT_RETURN_TYPE = YES_ERROR;
				GCC_WARN_UNDECLARED_SELECTOR = YES;
				GCC_WARN_UNINITIALIZED_AUTOS = YES_AGGRESSIVE;
				GCC_WARN_UNUSED_FUNCTION = YES;
				GCC_WARN_UNUSED_VARIABLE = YES;
				IPHONEOS_DEPLOYMENT_TARGET = 10.0;
				MTL_ENABLE_DEBUG_INFO = NO;
				SDKROOT = iphoneos;
				SWIFT_OPTIMIZATION_LEVEL = "-Owholemodule";
				TARGETED_DEVICE_FAMILY = "1,2";
				VALIDATE_PRODUCT = YES;
			};
			name = Release;
		};
		141128661DB3931B00ACE3AF /* Debug */ = {
			isa = XCBuildConfiguration;
			buildSettings = {
				ASSETCATALOG_COMPILER_APPICON_NAME = AppIcon;
				INFOPLIST_FILE = "Table-Views/Info.plist";
				LD_RUNPATH_SEARCH_PATHS = "$(inherited) @executable_path/Frameworks";
				PRODUCT_BUNDLE_IDENTIFIER = "tw.ncwu.Table-Views";
				PRODUCT_NAME = "$(TARGET_NAME)";
				SWIFT_VERSION = 3.0;
			};
			name = Debug;
		};
		141128671DB3931B00ACE3AF /* Release */ = {
			isa = XCBuildConfiguration;
			buildSettings = {
				ASSETCATALOG_COMPILER_APPICON_NAME = AppIcon;
				INFOPLIST_FILE = "Table-Views/Info.plist";
				LD_RUNPATH_SEARCH_PATHS = "$(inherited) @executable_path/Frameworks";
				PRODUCT_BUNDLE_IDENTIFIER = "tw.ncwu.Table-Views";
				PRODUCT_NAME = "$(TARGET_NAME)";
				SWIFT_VERSION = 3.0;
			};
			name = Release;
		};
/* End XCBuildConfiguration section */

/* Begin XCConfigurationList section */
		1411284E1DB3931B00ACE3AF /* Build configuration list for PBXProject "Table-Views" */ = {
			isa = XCConfigurationList;
			buildConfigurations = (
				141128631DB3931B00ACE3AF /* Debug */,
				141128641DB3931B00ACE3AF /* Release */,
			);
			defaultConfigurationIsVisible = 0;
			defaultConfigurationName = Release;
		};
		141128651DB3931B00ACE3AF /* Build configuration list for PBXNativeTarget "Table-Views" */ = {
			isa = XCConfigurationList;
			buildConfigurations = (
				141128661DB3931B00ACE3AF /* Debug */,
				141128671DB3931B00ACE3AF /* Release */,
			);
			defaultConfigurationIsVisible = 0;
		};
/* End XCConfigurationList section */
	};
	rootObject = 1411284B1DB3931B00ACE3AF /* Project object */;
}
